%{"bunt": {:hex, :bunt, "0.1.6"},
  "certifi": {:hex, :certifi, "0.4.0"},
  "credo": {:hex, :credo, "0.4.3"},
  "dialyxir": {:hex, :dialyxir, "0.3.3"},
  "espec": {:hex, :espec, "0.8.18"},
  "excheck": {:hex, :excheck, "0.3.3"},
  "excoveralls": {:hex, :excoveralls, "0.5.4"},
  "exjsx": {:hex, :exjsx, "3.2.0"},
  "hackney": {:hex, :hackney, "1.6.0"},
  "idna": {:hex, :idna, "1.2.0"},
  "jsx": {:hex, :jsx, "2.6.2"},
  "meck": {:hex, :meck, "0.8.4"},
  "metrics": {:hex, :metrics, "1.0.1"},
  "mimerl": {:hex, :mimerl, "1.0.2"},
  "ssl_verify_fun": {:hex, :ssl_verify_fun, "1.1.0"},
  "triq": {:git, "https://github.com/krestenkrab/triq.git", "c7306b8eaea133d52140cb828817efb5e50a3d52", []}}
